
Microsoft Visual Studio Solution File, Format Version 12.00
# Visual Studio 15
Project("{FAE04EC0-301F-11D3-BF4B-00C04F79EFBC}") = "GymTest", "GymTest.csproj", "{EDDCED9C-B158-4CCB-B99D-761F7B57A852}"
EndProject
Global
	GlobalSection(SolutionConfigurationPlatforms) = preSolution
		Debug|Any CPU = Debug|Any CPU
		Release|Any CPU = Release|Any CPU
	EndGlobalSection
	GlobalSection(ProjectConfigurationPlatforms) = postSolution
		{EDDCED9C-B158-4CCB-B99D-761F7B57A852}.Debug|Any CPU.ActiveCfg = Debug|Any CPU
		{EDDCED9C-B158-4CCB-B99D-761F7B57A852}.Debug|Any CPU.Build.0 = Debug|Any CPU
		{EDDCED9C-B158-4CCB-B99D-761F7B57A852}.Release|Any CPU.ActiveCfg = Release|Any CPU
		{EDDCED9C-B158-4CCB-B99D-761F7B57A852}.Release|Any CPU.Build.0 = Release|Any CPU
	EndGlobalSection
EndGlobal
